// !$*UTF8*$!
{
	archiveVersion = 1;
	classes = {
	};
	objectVersion = 77;
	objects = {

/* Begin PBXContainerItemProxy section */
		EDE44B4E306436E9000C83E2 /* PBXContainerItemProxy */ = {
			isa = PBXContainerItemProxy;
			containerPortal = EDE44B38306436E8000C83E2 /* Project object */;
			proxyType = 1;
			remoteGlobalIDString = EDE44B3F306436E8000C83E2;
			remoteInfo = LinvaApp;
		};
		EDE44B58306436E9000C83E2 /* PBXContainerItemProxy */ = {
			isa = PBXContainerItemProxy;
			containerPortal = EDE44B38306436E8000C83E2 /* Project object */;
			proxyType = 1;
			remoteGlobalIDString = EDE44B3F306436E8000C83E2;
			remoteInfo = LinvaApp;
		};
/* End PBXContainerItemProxy section */

/* Begin PBXFileReference section */
		EDE44B40306436E8000C83E2 /* LinvaApp.app */ = {isa = PBXFileReference; explicitFileType = wrapper.application; includeInIndex = 0; path = LinvaApp.app; sourceTree = BUILT_PRODUCTS_DIR; };
		EDE44B4D306436E9000C83E2 /* LinvaAppTests.xctest */ = {isa = PBXFileReference; explicitFileType = wrapper.cfbundle; includeInIndex = 0; path = LinvaAppTests.xctest; sourceTree = BUILT_PRODUCTS_DIR; };
		EDE44B57306436E9000C83E2 /* LinvaAppUITests.xctest */ = {isa = PBXFileReference; explicitFileType = wrapper.cfbundle; includeInIndex = 0; path = LinvaAppUITests.xctest; sourceTree = BUILT_PRODUCTS_DIR; };
/* End PBXFileReference section */

/* Begin PBXFileSystemSynchronizedBuildFileExceptionSet section */
		EDE44B6A306436E9000C83E2 /* Exceptions for "LinvaApp" folder in "LinvaApp" target */ = {
			isa = PBXFileSystemSynchronizedBuildFileExceptionSet;
			membershipExceptions = (
				Info.plist,
			);
			target = EDE44B3F306436E8000C83E2 /* LinvaApp */;
		};
/* End PBXFileSystemSynchronizedBuildFileExceptionSet section */

/* Begin PBXFileSystemSynchronizedRootGroup section */
		EDE44B42306436E8000C83E2 /* LinvaApp */ = {
			isa = PBXFileSystemSynchronizedRootGroup;
			exceptions = (
				EDE44B6A306436E9000C83E2 /* Exceptions for "LinvaApp" folder in "LinvaApp" target */,
			);
			path = LinvaApp;
			sourceTree = "<group>";
		};
		EDE44B50306436E9000C83E2 /* LinvaAppTests */ = {
			isa = PBXFileSystemSynchronizedRootGroup;
			path = LinvaAppTests;
			sourceTree = "<group>";
		};
		EDE44B5A306436E9000C83E2 /* LinvaAppUITests */ = {
			isa = PBXFileSystemSynchronizedRootGroup;
			path = LinvaAppUITests;
			sourceTree = "<group>";
		};
/* End PBXFileSystemSynchronizedRootGroup section */

/* Begin PBXFrameworksBuildPhase section */
		EDE44B3D306436E8000C83E2 /* Frameworks */ = {
			isa = PBXFrameworksBuildPhase;
			buildActionMask = 2147483647;
			files = (
			);
			runOnlyForDeploymentPostprocessing = 0;
		};
		EDE44B4A306436E9000C83E2 /* Frameworks */ = {
			isa = PBXFrameworksBuildPhase;
			buildActionMask = 2147483647;
			files = (
			);
			runOnlyForDeploymentPostprocessing = 0;
		};
		EDE44B54306436E9000C83E2 /* Frameworks */ = {
			isa = PBXFrameworksBuildPhase;
			buildActionMask = 2147483647;
			files = (
			);
			runOnlyForDeploymentPostprocessing = 0;
		};
/* End PBXFrameworksBuildPhase section */

/* Begin PBXGroup section */
		EDE44B37306436E8000C83E2 = {
			isa = PBXGroup;
			children = (
				EDE44B42306436E8000C83E2 /* LinvaApp */,
				EDE44B50306436E9000C83E2 /* LinvaAppTests */,
				EDE44B5A306436E9000C83E2 /* LinvaAppUITests */,
				EDE44B41306436E8000C83E2 /* Products */,
			);
			sourceTree = "<group>";
		};
		EDE44B41306436E8000C83E2 /* Products */ = {
			isa = PBXGroup;
			children = (
				EDE44B40306436E8000C83E2 /* LinvaApp.app */,
				EDE44B4D306436E9000C83E2 /* LinvaAppTests.xctest */,
				EDE44B57306436E9000C83E2 /* LinvaAppUITests.xctest */,
			);
			name = Products;
			sourceTree = "<group>";
		};
/* End PBXGroup section */

/* Begin PBXNativeTarget section */
		EDE44B3F306436E8000C83E2 /* LinvaApp */ = {
			isa = PBXNativeTarget;
			buildConfigurationList = EDE44B61306436E9000C83E2 /* Build configuration list for PBXNativeTarget "LinvaApp" */;
			buildPhases = (
				EDE44B6B306436E8000C83E2 /* 依赖边界校验 */,
				EDE44B3C306436E8000C83E2 /* Sources */,
				EDE44B3D306436E8000C83E2 /* Frameworks */,
				EDE44B3E306436E8000C83E2 /* Resources */,
			);
			buildRules = (
			);
			dependencies = (
			);
			fileSystemSynchronizedGroups = (
				EDE44B42306436E8000C83E2 /* LinvaApp */,
			);
			name = LinvaApp;
			packageProductDependencies = (
			);
			productName = LinvaApp;
			productReference = EDE44B40306436E8000C83E2 /* LinvaApp.app */;
			productType = "com.apple.product-type.application";
		};
		EDE44B4C306436E9000C83E2 /* LinvaAppTests */ = {
			isa = PBXNativeTarget;
			buildConfigurationList = EDE44B64306436E9000C83E2 /* Build configuration list for PBXNativeTarget "LinvaAppTests" */;
			buildPhases = (
				EDE44B49306436E9000C83E2 /* Sources */,
				EDE44B4A306436E9000C83E2 /* Frameworks */,
				EDE44B4B306436E9000C83E2 /* Resources */,
			);
			buildRules = (
			);
			dependencies = (
				EDE44B4F306436E9000C83E2 /* PBXTargetDependency */,
			);
			fileSystemSynchronizedGroups = (
				EDE44B50306436E9000C83E2 /* LinvaAppTests */,
			);
			name = LinvaAppTests;
			packageProductDependencies = (
			);
			productName = LinvaAppTests;
			productReference = EDE44B4D306436E9000C83E2 /* LinvaAppTests.xctest */;
			productType = "com.apple.product-type.bundle.unit-test";
		};
		EDE44B56306436E9000C83E2 /* LinvaAppUITests */ = {
			isa = PBXNativeTarget;
			buildConfigurationList = EDE44B67306436E9000C83E2 /* Build configuration list for PBXNativeTarget "LinvaAppUITests" */;
			buildPhases = (
				EDE44B53306436E9000C83E2 /* Sources */,
				EDE44B54306436E9000C83E2 /* Frameworks */,
				EDE44B55306436E9000C83E2 /* Resources */,
			);
			buildRules = (
			);
			dependencies = (
				EDE44B59306436E9000C83E2 /* PBXTargetDependency */,
			);
			fileSystemSynchronizedGroups = (
				EDE44B5A306436E9000C83E2 /* LinvaAppUITests */,
			);
			name = LinvaAppUITests;
			packageProductDependencies = (
			);
			productName = LinvaAppUITests;
			productReference = EDE44B57306436E9000C83E2 /* LinvaAppUITests.xctest */;
			productType = "com.apple.product-type.bundle.ui-testing";
		};
/* End PBXNativeTarget section */

/* Begin PBXProject section */
		EDE44B38306436E8000C83E2 /* Project object */ = {
			isa = PBXProject;
			attributes = {
				BuildIndependentTargetsInParallel = 1;
				LastSwiftUpdateCheck = 2640;
				LastUpgradeCheck = 2640;
				TargetAttributes = {
					EDE44B3F306436E8000C83E2 = {
						CreatedOnToolsVersion = 26.4.1;
					};
					EDE44B4C306436E9000C83E2 = {
						CreatedOnToolsVersion = 26.4.1;
						TestTargetID = EDE44B3F306436E8000C83E2;
					};
					EDE44B56306436E9000C83E2 = {
						CreatedOnToolsVersion = 26.4.1;
						TestTargetID = EDE44B3F306436E8000C83E2;
					};
				};
			};
			buildConfigurationList = EDE44B3B306436E8000C83E2 /* Build configuration list for PBXProject "LinvaApp" */;
			developmentRegion = en;
			hasScannedForEncodings = 0;
			knownRegions = (
				en,
				Base,
			);
			mainGroup = EDE44B37306436E8000C83E2;
			minimizedProjectReferenceProxies = 1;
			preferredProjectObjectVersion = 77;
			productRefGroup = EDE44B41306436E8000C83E2 /* Products */;
			projectDirPath = "";
			projectRoot = "";
			targets = (
				EDE44B3F306436E8000C83E2 /* LinvaApp */,
				EDE44B4C306436E9000C83E2 /* LinvaAppTests */,
				EDE44B56306436E9000C83E2 /* LinvaAppUITests */,
			);
		};
/* End PBXProject section */

/* Begin PBXResourcesBuildPhase section */
		EDE44B3E306436E8000C83E2 /* Resources */ = {
			isa = PBXResourcesBuildPhase;
			buildActionMask = 2147483647;
			files = (
			);
			runOnlyForDeploymentPostprocessing = 0;
		};
		EDE44B4B306436E9000C83E2 /* Resources */ = {
			isa = PBXResourcesBuildPhase;
			buildActionMask = 2147483647;
			files = (
			);
			runOnlyForDeploymentPostprocessing = 0;
		};
		EDE44B55306436E9000C83E2 /* Resources */ = {
			isa = PBXResourcesBuildPhase;
			buildActionMask = 2147483647;
			files = (
			);
			runOnlyForDeploymentPostprocessing = 0;
		};
/* End PBXResourcesBuildPhase section */

/* Begin PBXShellScriptBuildPhase section */
		EDE44B6B306436E8000C83E2 /* 依赖边界校验 */ = {
			isa = PBXShellScriptBuildPhase;
			alwaysOutOfDate = 1;
			buildActionMask = 2147483647;
			files = (
			);
			inputFileListPaths = (
			);
			inputPaths = (
			);
			name = "依赖边界校验";
			outputFileListPaths = (
			);
			outputPaths = (
			);
			runOnlyForDeploymentPostprocessing = 0;
			shellPath = /bin/bash;
			shellScript = "cd \"$SRCROOT\" && \"$SRCROOT/../scripts/check-boundaries.sh\" \"$SRCROOT/LinvaApp\"\n";
		};
/* End PBXShellScriptBuildPhase section */

/* Begin PBXSourcesBuildPhase section */
		EDE44B3C306436E8000C83E2 /* Sources */ = {
			isa = PBXSourcesBuildPhase;
			buildActionMask = 2147483647;
			files = (
			);
			runOnlyForDeploymentPostprocessing = 0;
		};
		EDE44B49306436E9000C83E2 /* Sources */ = {
			isa = PBXSourcesBuildPhase;
			buildActionMask = 2147483647;
			files = (
			);
			runOnlyForDeploymentPostprocessing = 0;
		};
		EDE44B53306436E9000C83E2 /* Sources */ = {
			isa = PBXSourcesBuildPhase;
			buildActionMask = 2147483647;
			files = (
			);
			runOnlyForDeploymentPostprocessing = 0;
		};
/* End PBXSourcesBuildPhase section */

/* Begin PBXTargetDependency section */
		EDE44B4F306436E9000C83E2 /* PBXTargetDependency */ = {
			isa = PBXTargetDependency;
			target = EDE44B3F306436E8000C83E2 /* LinvaApp */;
			targetProxy = EDE44B4E306436E9000C83E2 /* PBXContainerItemProxy */;
		};
		EDE44B59306436E9000C83E2 /* PBXTargetDependency */ = {
			isa = PBXTargetDependency;
			target = EDE44B3F306436E8000C83E2 /* LinvaApp */;
			targetProxy = EDE44B58306436E9000C83E2 /* PBXContainerItemProxy */;
		};
/* End PBXTargetDependency section */

/* Begin XCBuildConfiguration section */
		EDE44B5F306436E9000C83E2 /* Debug */ = {
			isa = XCBuildConfiguration;
			buildSettings = {
				ALWAYS_SEARCH_USER_PATHS = NO;
				ASSETCATALOG_COMPILER_GENERATE_SWIFT_ASSET_SYMBOL_EXTENSIONS = YES;
				CLANG_ANALYZER_NONNULL = YES;
				CLANG_ANALYZER_NUMBER_OBJECT_CONVERSION = YES_AGGRESSIVE;
				CLANG_CXX_LANGUAGE_STANDARD = "gnu++20";
				CLANG_ENABLE_MODULES = YES;
				CLANG_ENABLE_OBJC_ARC = YES;
				CLANG_ENABLE_OBJC_WEAK = YES;
				CLANG_WARN_BLOCK_CAPTURE_AUTORELEASING = YES;
				CLANG_WARN_BOOL_CONVERSION = YES;
				CLANG_WARN_COMMA = YES;
				CLANG_WARN_CONSTANT_CONVERSION = YES;
				CLANG_WARN_DEPRECATED_OBJC_IMPLEMENTATIONS = YES;
				CLANG_WARN_DIRECT_OBJC_ISA_USAGE = YES_ERROR;
				CLANG_WARN_DOCUMENTATION_COMMENTS = YES;
				CLANG_WARN_EMPTY_BODY = YES;
				CLANG_WARN_ENUM_CONVERSION = YES;
				CLANG_WARN_INFINITE_RECURSION = YES;
				CLANG_WARN_INT_CONVERSION = YES;
				CLANG_WARN_NON_LITERAL_NULL_CONVERSION = YES;
				CLANG_WARN_OBJC_IMPLICIT_RETAIN_SELF = YES;
				CLANG_WARN_OBJC_LITERAL_CONVERSION = YES;
				CLANG_WARN_OBJC_ROOT_CLASS = YES_ERROR;
				CLANG_WARN_QUOTED_INCLUDE_IN_FRAMEWORK_HEADER = YES;
				CLANG_WARN_RANGE_LOOP_ANALYSIS = YES;
				CLANG_WARN_STRICT_PROTOTYPES = YES;
				CLANG_WARN_SUSPICIOUS_MOVE = YES;
				CLANG_WARN_UNGUARDED_AVAILABILITY = YES_AGGRESSIVE;
				CLANG_WARN_UNREACHABLE_CODE = YES;
				CLANG_WARN__DUPLICATE_METHOD_MATCH = YES;
				COPY_PHASE_STRIP = NO;
				DEBUG_INFORMATION_FORMAT = dwarf;
				ENABLE_STRICT_OBJC_MSGSEND = YES;
				ENABLE_TESTABILITY = YES;
				ENABLE_USER_SCRIPT_SANDBOXING = YES;
				GCC_C_LANGUAGE_STANDARD = gnu17;
				GCC_DYNAMIC_NO_PIC = NO;
				GCC_NO_COMMON_BLOCKS = YES;
				GCC_OPTIMIZATION_LEVEL = 0;
				GCC_PREPROCESSOR_DEFINITIONS = (
					"DEBUG=1",
					"$(inherited)",
				);
				GCC_WARN_64_TO_32_BIT_CONVERSION = YES;
				GCC_WARN_ABOUT_RETURN_TYPE = YES_ERROR;
				GCC_WARN_UNDECLARED_SELECTOR = YES;
				GCC_WARN_UNINITIALIZED_AUTOS = YES_AGGRESSIVE;
				GCC_WARN_UNUSED_FUNCTION = YES;
				GCC_WARN_UNUSED_VARIABLE = YES;
				LOCALIZATION_PREFERS_STRING_CATALOGS = YES;
				MACOSX_DEPLOYMENT_TARGET = 26.4;
				MTL_ENABLE_DEBUG_INFO = INCLUDE_SOURCE;
				MTL_FAST_MATH = YES;
				ONLY_ACTIVE_ARCH = YES;
				SDKROOT = macosx;
				SWIFT_ACTIVE_COMPILATION_CONDITIONS = "DEBUG $(inherited)";
				SWIFT_OPTIMIZATION_LEVEL = "-Onone";
			};
			name = Debug;
		};
		EDE44B60306436E9000C83E2 /* Release */ = {
			isa = XCBuildConfiguration;
			buildSettings = {
				ALWAYS_SEARCH_USER_PATHS = NO;
				ASSETCATALOG_COMPILER_GENERATE_SWIFT_ASSET_SYMBOL_EXTENSIONS = YES;
				CLANG_ANALYZER_NONNULL = YES;
				CLANG_ANALYZER_NUMBER_OBJECT_CONVERSION = YES_AGGRESSIVE;
				CLANG_CXX_LANGUAGE_STANDARD = "gnu++20";
				CLANG_ENABLE_MODULES = YES;
				CLANG_ENABLE_OBJC_ARC = YES;
				CLANG_ENABLE_OBJC_WEAK = YES;
				CLANG_WARN_BLOCK_CAPTURE_AUTORELEASING = YES;
				CLANG_WARN_BOOL_CONVERSION = YES;
				CLANG_WARN_COMMA = YES;
				CLANG_WARN_CONSTANT_CONVERSION = YES;
				CLANG_WARN_DEPRECATED_OBJC_IMPLEMENTATIONS = YES;
				CLANG_WARN_DIRECT_OBJC_ISA_USAGE = YES_ERROR;
				CLANG_WARN_DOCUMENTATION_COMMENTS = YES;
				CLANG_WARN_EMPTY_BODY = YES;
				CLANG_WARN_ENUM_CONVERSION = YES;
				CLANG_WARN_INFINITE_RECURSION = YES;
				CLANG_WARN_INT_CONVERSION = YES;
				CLANG_WARN_NON_LITERAL_NULL_CONVERSION = YES;
				CLANG_WARN_OBJC_IMPLICIT_RETAIN_SELF = YES;
				CLANG_WARN_OBJC_LITERAL_CONVERSION = YES;
				CLANG_WARN_OBJC_ROOT_CLASS = YES_ERROR;
				CLANG_WARN_QUOTED_INCLUDE_IN_FRAMEWORK_HEADER = YES;
				CLANG_WARN_RANGE_LOOP_ANALYSIS = YES;
				CLANG_WARN_STRICT_PROTOTYPES = YES;
				CLANG_WARN_SUSPICIOUS_MOVE = YES;
				CLANG_WARN_UNGUARDED_AVAILABILITY = YES_AGGRESSIVE;
				CLANG_WARN_UNREACHABLE_CODE = YES;
				CLANG_WARN__DUPLICATE_METHOD_MATCH = YES;
				COPY_PHASE_STRIP = NO;
				DEBUG_INFORMATION_FORMAT = "dwarf-with-dsym";
				ENABLE_NS_ASSERTIONS = NO;
				ENABLE_STRICT_OBJC_MSGSEND = YES;
				ENABLE_USER_SCRIPT_SANDBOXING = YES;
				GCC_C_LANGUAGE_STANDARD = gnu17;
				GCC_NO_COMMON_BLOCKS = YES;
				GCC_WARN_64_TO_32_BIT_CONVERSION = YES;
				GCC_WARN_ABOUT_RETURN_TYPE = YES_ERROR;
				GCC_WARN_UNDECLARED_SELECTOR = YES;
				GCC_WARN_UNINITIALIZED_AUTOS = YES_AGGRESSIVE;
				GCC_WARN_UNUSED_FUNCTION = YES;
				GCC_WARN_UNUSED_VARIABLE = YES;
				LOCALIZATION_PREFERS_STRING_CATALOGS = YES;
				MACOSX_DEPLOYMENT_TARGET = 26.4;
				MTL_ENABLE_DEBUG_INFO = NO;
				MTL_FAST_MATH = YES;
				SDKROOT = macosx;
				SWIFT_COMPILATION_MODE = wholemodule;
			};
			name = Release;
		};
		EDE44B62306436E9000C83E2 /* Debug */ = {
			isa = XCBuildConfiguration;
			buildSettings = {
				ASSETCATALOG_COMPILER_APPICON_NAME = AppIcon;
				ASSETCATALOG_COMPILER_GLOBAL_ACCENT_COLOR_NAME = AccentColor;
				CODE_SIGN_ENTITLEMENTS = LinvaApp/LinvaApp.entitlements;
				CODE_SIGN_STYLE = Automatic;
				COMBINE_HIDPI_IMAGES = YES;
				CURRENT_PROJECT_VERSION = 1;
				ENABLE_APP_SANDBOX = YES;
				ENABLE_PREVIEWS = YES;
				ENABLE_USER_SCRIPT_SANDBOXING = NO;
				ENABLE_USER_SELECTED_FILES = readwrite;
				GENERATE_INFOPLIST_FILE = NO;
				INFOPLIST_FILE = LinvaApp/Info.plist;
				INFOPLIST_KEY_NSHumanReadableCopyright = "";
				LD_RUNPATH_SEARCH_PATHS = (
					"$(inherited)",
					"@executable_path/../Frameworks",
				);
				MARKETING_VERSION = 1.0;
				PRODUCT_BUNDLE_IDENTIFIER = com.linva.app;
				PRODUCT_NAME = "$(TARGET_NAME)";
				REGISTER_APP_GROUPS = YES;
				STRING_CATALOG_GENERATE_SYMBOLS = YES;
				SWIFT_APPROACHABLE_CONCURRENCY = YES;
				SWIFT_DEFAULT_ACTOR_ISOLATION = MainActor;
				SWIFT_EMIT_LOC_STRINGS = YES;
				SWIFT_UPCOMING_FEATURE_MEMBER_IMPORT_VISIBILITY = YES;
				SWIFT_VERSION = 5.0;
			};
			name = Debug;
		};
		EDE44B63306436E9000C83E2 /* Release */ = {
			isa = XCBuildConfiguration;
			buildSettings = {
				ASSETCATALOG_COMPILER_APPICON_NAME = AppIcon;
				ASSETCATALOG_COMPILER_GLOBAL_ACCENT_COLOR_NAME = AccentColor;
				CODE_SIGN_ENTITLEMENTS = LinvaApp/LinvaApp.entitlements;
				CODE_SIGN_STYLE = Automatic;
				COMBINE_HIDPI_IMAGES = YES;
				CURRENT_PROJECT_VERSION = 1;
				ENABLE_APP_SANDBOX = YES;
				ENABLE_PREVIEWS = YES;
				ENABLE_USER_SCRIPT_SANDBOXING = NO;
				ENABLE_USER_SELECTED_FILES = readwrite;
				GENERATE_INFOPLIST_FILE = NO;
				INFOPLIST_FILE = LinvaApp/Info.plist;
				INFOPLIST_KEY_NSHumanReadableCopyright = "";
				LD_RUNPATH_SEARCH_PATHS = (
					"$(inherited)",
					"@executable_path/../Frameworks",
				);
				MARKETING_VERSION = 1.0;
				PRODUCT_BUNDLE_IDENTIFIER = com.linva.app;
				PRODUCT_NAME = "$(TARGET_NAME)";
				REGISTER_APP_GROUPS = YES;
				STRING_CATALOG_GENERATE_SYMBOLS = YES;
				SWIFT_APPROACHABLE_CONCURRENCY = YES;
				SWIFT_DEFAULT_ACTOR_ISOLATION = MainActor;
				SWIFT_EMIT_LOC_STRINGS = YES;
				SWIFT_UPCOMING_FEATURE_MEMBER_IMPORT_VISIBILITY = YES;
				SWIFT_VERSION = 5.0;
			};
			name = Release;
		};
		EDE44B65306436E9000C83E2 /* Debug */ = {
			isa = XCBuildConfiguration;
			buildSettings = {
				BUNDLE_LOADER = "$(TEST_HOST)";
				CODE_SIGN_STYLE = Automatic;
				CURRENT_PROJECT_VERSION = 1;
				GENERATE_INFOPLIST_FILE = YES;
				MACOSX_DEPLOYMENT_TARGET = 26.4;
				MARKETING_VERSION = 1.0;
				PRODUCT_BUNDLE_IDENTIFIER = com.linva.app.Tests;
				PRODUCT_NAME = "$(TARGET_NAME)";
				STRING_CATALOG_GENERATE_SYMBOLS = NO;
				SWIFT_APPROACHABLE_CONCURRENCY = YES;
				SWIFT_EMIT_LOC_STRINGS = NO;
				SWIFT_UPCOMING_FEATURE_MEMBER_IMPORT_VISIBILITY = YES;
				SWIFT_VERSION = 5.0;
				TEST_HOST = "$(BUILT_PRODUCTS_DIR)/LinvaApp.app/$(BUNDLE_EXECUTABLE_FOLDER_PATH)/LinvaApp";
			};
			name = Debug;
		};
		EDE44B66306436E9000C83E2 /* Release */ = {
			isa = XCBuildConfiguration;
			buildSettings = {
				BUNDLE_LOADER = "$(TEST_HOST)";
				CODE_SIGN_STYLE = Automatic;
				CURRENT_PROJECT_VERSION = 1;
				GENERATE_INFOPLIST_FILE = YES;
				MACOSX_DEPLOYMENT_TARGET = 26.4;
				MARKETING_VERSION = 1.0;
				PRODUCT_BUNDLE_IDENTIFIER = com.linva.app.Tests;
				PRODUCT_NAME = "$(TARGET_NAME)";
				STRING_CATALOG_GENERATE_SYMBOLS = NO;
				SWIFT_APPROACHABLE_CONCURRENCY = YES;
				SWIFT_EMIT_LOC_STRINGS = NO;
				SWIFT_UPCOMING_FEATURE_MEMBER_IMPORT_VISIBILITY = YES;
				SWIFT_VERSION = 5.0;
				TEST_HOST = "$(BUILT_PRODUCTS_DIR)/LinvaApp.app/$(BUNDLE_EXECUTABLE_FOLDER_PATH)/LinvaApp";
			};
			name = Release;
		};
		EDE44B68306436E9000C83E2 /* Debug */ = {
			isa = XCBuildConfiguration;
			buildSettings = {
				CODE_SIGN_STYLE = Automatic;
				CURRENT_PROJECT_VERSION = 1;
				GENERATE_INFOPLIST_FILE = YES;
				MARKETING_VERSION = 1.0;
				PRODUCT_BUNDLE_IDENTIFIER = com.linva.app.UITests;
				PRODUCT_NAME = "$(TARGET_NAME)";
				STRING_CATALOG_GENERATE_SYMBOLS = NO;
				SWIFT_APPROACHABLE_CONCURRENCY = YES;
				SWIFT_EMIT_LOC_STRINGS = NO;
				SWIFT_UPCOMING_FEATURE_MEMBER_IMPORT_VISIBILITY = YES;
				SWIFT_VERSION = 5.0;
				TEST_TARGET_NAME = LinvaApp;
			};
			name = Debug;
		};
		EDE44B69306436E9000C83E2 /* Release */ = {
			isa = XCBuildConfiguration;
			buildSettings = {
				CODE_SIGN_STYLE = Automatic;
				CURRENT_PROJECT_VERSION = 1;
				GENERATE_INFOPLIST_FILE = YES;
				MARKETING_VERSION = 1.0;
				PRODUCT_BUNDLE_IDENTIFIER = com.linva.app.UITests;
				PRODUCT_NAME = "$(TARGET_NAME)";
				STRING_CATALOG_GENERATE_SYMBOLS = NO;
				SWIFT_APPROACHABLE_CONCURRENCY = YES;
				SWIFT_EMIT_LOC_STRINGS = NO;
				SWIFT_UPCOMING_FEATURE_MEMBER_IMPORT_VISIBILITY = YES;
				SWIFT_VERSION = 5.0;
				TEST_TARGET_NAME = LinvaApp;
			};
			name = Release;
		};
/* End XCBuildConfiguration section */

/* Begin XCConfigurationList section */
		EDE44B3B306436E8000C83E2 /* Build configuration list for PBXProject "LinvaApp" */ = {
			isa = XCConfigurationList;
			buildConfigurations = (
				EDE44B5F306436E9000C83E2 /* Debug */,
				EDE44B60306436E9000C83E2 /* Release */,
			);
			defaultConfigurationIsVisible = 0;
			defaultConfigurationName = Release;
		};
		EDE44B61306436E9000C83E2 /* Build configuration list for PBXNativeTarget "LinvaApp" */ = {
			isa = XCConfigurationList;
			buildConfigurations = (
				EDE44B62306436E9000C83E2 /* Debug */,
				EDE44B63306436E9000C83E2 /* Release */,
			);
			defaultConfigurationIsVisible = 0;
			defaultConfigurationName = Release;
		};
		EDE44B64306436E9000C83E2 /* Build configuration list for PBXNativeTarget "LinvaAppTests" */ = {
			isa = XCConfigurationList;
			buildConfigurations = (
				EDE44B65306436E9000C83E2 /* Debug */,
				EDE44B66306436E9000C83E2 /* Release */,
			);
			defaultConfigurationIsVisible = 0;
			defaultConfigurationName = Release;
		};
		EDE44B67306436E9000C83E2 /* Build configuration list for PBXNativeTarget "LinvaAppUITests" */ = {
			isa = XCConfigurationList;
			buildConfigurations = (
				EDE44B68306436E9000C83E2 /* Debug */,
				EDE44B69306436E9000C83E2 /* Release */,
			);
			defaultConfigurationIsVisible = 0;
			defaultConfigurationName = Release;
		};
/* End XCConfigurationList section */
	};
	rootObject = EDE44B38306436E8000C83E2 /* Project object */;
}
